
Microsoft Visual Studio Solution File, Format Version 12.00
# Visual Studio Version 17
VisualStudioVersion = 17.2.32526.322
MinimumVisualStudioVersion = 10.0.40219.1
Project("{FAE04EC0-301F-11D3-BF4B-00C04F79EFBC}") = "WebApiTest", "WebApiTest\WebApiTest.csproj", "{0DDA0236-1A83-465F-BA5B-51E7A9591D8C}"
EndProject
Global
	GlobalSection(SolutionConfigurationPlatforms) = preSolution
		Debug|Any CPU = Debug|Any CPU
		Release|Any CPU = Release|Any CPU
	EndGlobalSection
	GlobalSection(ProjectConfigurationPlatforms) = postSolution
		{0DDA0236-1A83-465F-BA5B-51E7A9591D8C}.Debug|Any CPU.ActiveCfg = Debug|Any CPU
		{0DDA0236-1A83-465F-BA5B-51E7A9591D8C}.Debug|Any CPU.Build.0 = Debug|Any CPU
		{0DDA0236-1A83-465F-BA5B-51E7A9591D8C}.Release|Any CPU.ActiveCfg = Release|Any CPU
		{0DDA0236-1A83-465F-BA5B-51E7A9591D8C}.Release|Any CPU.Build.0 = Release|Any CPU
	EndGlobalSection
	GlobalSection(SolutionProperties) = preSolution
		HideSolutionNode = FALSE
	EndGlobalSection
	GlobalSection(ExtensibilityGlobals) = postSolution
		SolutionGuid = {868862B7-2444-469B-AB0F-946598CBE908}
	EndGlobalSection
EndGlobal
